
Microsoft Visual Studio Solution File, Format Version 12.00
# Visual Studio Version 16
VisualStudioVersion = 16.0.30804.86
MinimumVisualStudioVersion = 10.0.40219.1
Project("{FAE04EC0-301F-11D3-BF4B-00C04F79EFBC}") = "RecapDemo1", "RecapDemo1\RecapDemo1.csproj", "{0CE03BDB-97DD-44E2-8207-FE7140B5B354}"
EndProject
Global
	GlobalSection(SolutionConfigurationPlatforms) = preSolution
		Debug|Any CPU = Debug|Any CPU
		Release|Any CPU = Release|Any CPU
	EndGlobalSection
	GlobalSection(ProjectConfigurationPlatforms) = postSolution
		{0CE03BDB-97DD-44E2-8207-FE7140B5B354}.Debug|Any CPU.ActiveCfg = Debug|Any CPU
		{0CE03BDB-97DD-44E2-8207-FE7140B5B354}.Debug|Any CPU.Build.0 = Debug|Any CPU
		{0CE03BDB-97DD-44E2-8207-FE7140B5B354}.Release|Any CPU.ActiveCfg = Release|Any CPU
		{0CE03BDB-97DD-44E2-8207-FE7140B5B354}.Release|Any CPU.Build.0 = Release|Any CPU
	EndGlobalSection
	GlobalSection(SolutionProperties) = preSolution
		HideSolutionNode = FALSE
	EndGlobalSection
	GlobalSection(ExtensibilityGlobals) = postSolution
		SolutionGuid = {A1E94A26-BCF2-41C8-A0D7-958BC5B6A891}
	EndGlobalSection
EndGlobal
